{
  "originHash" : "d8057db9f68e334e2eaf005437d8963673c162d63e5e8b243765fa19c4c69077",
  "pins" : [
    {
      "identity" : "declarativecore",
      "kind" : "remoteSourceControl",
      "location" : "https://github.com/ryanslikesocool/DeclarativeCore.git",
      "state" : {
        "revision" : "c94969f908deb5d6d6ff4732c1c44fffd2081cc8",
        "version" : "0.0.3"
      }
    }
  ],
  "version" : 3
}
